// !$*UTF8*$!
{
	archiveVersion = 1;
	classes = {
	};
	objectVersion = 50;
	objects = {

/* Begin PBXBuildFile section */
		980B69F321C7108A004AA894 /* Pin+CoreDataClass.swift in Sources */ = {isa = PBXBuildFile; fileRef = 980B69F221C7108A004AA894 /* Pin+CoreDataClass.swift */; };
		980B69F521C710C5004AA894 /* Pin+CoreDataProperties.swift in Sources */ = {isa = PBXBuildFile; fileRef = 980B69F421C710C5004AA894 /* Pin+CoreDataProperties.swift */; };
		980B69F721C71263004AA894 /* Photo+CoreDataClass.swift in Sources */ = {isa = PBXBuildFile; fileRef = 980B69F621C71263004AA894 /* Photo+CoreDataClass.swift */; };
		980B69F921C71278004AA894 /* Photo+CoreDataProperties.swift in Sources */ = {isa = PBXBuildFile; fileRef = 980B69F821C71278004AA894 /* Photo+CoreDataProperties.swift */; };
		980DFCDC21A4D42C007C60EA /* AppDelegate.swift in Sources */ = {isa = PBXBuildFile; fileRef = 980DFCDB21A4D42C007C60EA /* AppDelegate.swift */; };
		980DFCDE21A4D42C007C60EA /* TravelLocationsMapViewController.swift in Sources */ = {isa = PBXBuildFile; fileRef = 980DFCDD21A4D42C007C60EA /* TravelLocationsMapViewController.swift */; };
		980DFCE121A4D42C007C60EA /* Main.storyboard in Resources */ = {isa = PBXBuildFile; fileRef = 980DFCDF21A4D42C007C60EA /* Main.storyboard */; };
		980DFCE421A4D42C007C60EA /* VirtualTourist.xcdatamodeld in Sources */ = {isa = PBXBuildFile; fileRef = 980DFCE221A4D42C007C60EA /* VirtualTourist.xcdatamodeld */; };
		980DFCE621A4D42E007C60EA /* Assets.xcassets in Resources */ = {isa = PBXBuildFile; fileRef = 980DFCE521A4D42E007C60EA /* Assets.xcassets */; };
		980DFCE921A4D42E007C60EA /* LaunchScreen.storyboard in Resources */ = {isa = PBXBuildFile; fileRef = 980DFCE721A4D42E007C60EA /* LaunchScreen.storyboard */; };
		98504EF921C2E571000FAD74 /* DataController.swift in Sources */ = {isa = PBXBuildFile; fileRef = 98504EF821C2E571000FAD74 /* DataController.swift */; };
		98504EFC21C2E9DA000FAD74 /* PhotoAlbumViewController.swift in Sources */ = {isa = PBXBuildFile; fileRef = 98504EFB21C2E9DA000FAD74 /* PhotoAlbumViewController.swift */; };
		98504F0A21C2F57E000FAD74 /* PhotoCell.swift in Sources */ = {isa = PBXBuildFile; fileRef = 98504F0921C2F57E000FAD74 /* PhotoCell.swift */; };
		98504F0E21C2F5A2000FAD74 /* Constants.swift in Sources */ = {isa = PBXBuildFile; fileRef = 98504F0D21C2F5A2000FAD74 /* Constants.swift */; };
		98504F1021C2F5BC000FAD74 /* FlickrClient.swift in Sources */ = {isa = PBXBuildFile; fileRef = 98504F0F21C2F5BC000FAD74 /* FlickrClient.swift */; };
/* End PBXBuildFile section */

/* Begin PBXFileReference section */
		980B69F221C7108A004AA894 /* Pin+CoreDataClass.swift */ = {isa = PBXFileReference; lastKnownFileType = sourcecode.swift; path = "Pin+CoreDataClass.swift"; sourceTree = "<group>"; };
		980B69F421C710C5004AA894 /* Pin+CoreDataProperties.swift */ = {isa = PBXFileReference; lastKnownFileType = sourcecode.swift; path = "Pin+CoreDataProperties.swift"; sourceTree = "<group>"; };
		980B69F621C71263004AA894 /* Photo+CoreDataClass.swift */ = {isa = PBXFileReference; lastKnownFileType = sourcecode.swift; path = "Photo+CoreDataClass.swift"; sourceTree = "<group>"; };
		980B69F821C71278004AA894 /* Photo+CoreDataProperties.swift */ = {isa = PBXFileReference; lastKnownFileType = sourcecode.swift; path = "Photo+CoreDataProperties.swift"; sourceTree = "<group>"; };
		980DFCD821A4D42C007C60EA /* VirtualTourist.app */ = {isa = PBXFileReference; explicitFileType = wrapper.application; includeInIndex = 0; path = VirtualTourist.app; sourceTree = BUILT_PRODUCTS_DIR; };
		980DFCDB21A4D42C007C60EA /* AppDelegate.swift */ = {isa = PBXFileReference; lastKnownFileType = sourcecode.swift; path = AppDelegate.swift; sourceTree = "<group>"; };
		980DFCDD21A4D42C007C60EA /* TravelLocationsMapViewController.swift */ = {isa = PBXFileReference; lastKnownFileType = sourcecode.swift; path = TravelLocationsMapViewController.swift; sourceTree = "<group>"; };
		980DFCE021A4D42C007C60EA /* Base */ = {isa = PBXFileReference; lastKnownFileType = file.storyboard; name = Base; path = Base.lproj/Main.storyboard; sourceTree = "<group>"; };
		980DFCE321A4D42C007C60EA /* VirtualTourist.xcdatamodel */ = {isa = PBXFileReference; lastKnownFileType = wrapper.xcdatamodel; path = VirtualTourist.xcdatamodel; sourceTree = "<group>"; };
		980DFCE521A4D42E007C60EA /* Assets.xcassets */ = {isa = PBXFileReference; lastKnownFileType = folder.assetcatalog; path = Assets.xcassets; sourceTree = "<group>"; };
		980DFCE821A4D42E007C60EA /* Base */ = {isa = PBXFileReference; lastKnownFileType = file.storyboard; name = Base; path = Base.lproj/LaunchScreen.storyboard; sourceTree = "<group>"; };
		980DFCEA21A4D42E007C60EA /* Info.plist */ = {isa = PBXFileReference; lastKnownFileType = text.plist.xml; path = Info.plist; sourceTree = "<group>"; };
		98504EF821C2E571000FAD74 /* DataController.swift */ = {isa = PBXFileReference; lastKnownFileType = sourcecode.swift; path = DataController.swift; sourceTree = "<group>"; };
		98504EFB21C2E9DA000FAD74 /* PhotoAlbumViewController.swift */ = {isa = PBXFileReference; lastKnownFileType = sourcecode.swift; path = PhotoAlbumViewController.swift; sourceTree = "<group>"; };
		98504F0921C2F57E000FAD74 /* PhotoCell.swift */ = {isa = PBXFileReference; lastKnownFileType = sourcecode.swift; path = PhotoCell.swift; sourceTree = "<group>"; };
		98504F0D21C2F5A2000FAD74 /* Constants.swift */ = {isa = PBXFileReference; lastKnownFileType = sourcecode.swift; path = Constants.swift; sourceTree = "<group>"; };
		98504F0F21C2F5BC000FAD74 /* FlickrClient.swift */ = {isa = PBXFileReference; lastKnownFileType = sourcecode.swift; path = FlickrClient.swift; sourceTree = "<group>"; };
/* End PBXFileReference section */

/* Begin PBXFrameworksBuildPhase section */
		980DFCD521A4D42C007C60EA /* Frameworks */ = {
			isa = PBXFrameworksBuildPhase;
			buildActionMask = 2147483647;
			files = (
			);
			runOnlyForDeploymentPostprocessing = 0;
		};
/* End PBXFrameworksBuildPhase section */

/* Begin PBXGroup section */
		980DFCCF21A4D42C007C60EA = {
			isa = PBXGroup;
			children = (
				980DFCDA21A4D42C007C60EA /* VirtualTourist */,
				980DFCD921A4D42C007C60EA /* Products */,
			);
			sourceTree = "<group>";
		};
		980DFCD921A4D42C007C60EA /* Products */ = {
			isa = PBXGroup;
			children = (
				980DFCD821A4D42C007C60EA /* VirtualTourist.app */,
			);
			name = Products;
			sourceTree = "<group>";
		};
		980DFCDA21A4D42C007C60EA /* VirtualTourist */ = {
			isa = PBXGroup;
			children = (
				980DFCDB21A4D42C007C60EA /* AppDelegate.swift */,
				98504EF221BC9264000FAD74 /* Model */,
				98504F0721C2F53E000FAD74 /* View */,
				98504EFA21C2E972000FAD74 /* Controllers */,
				98504F0821C2F558000FAD74 /* Service */,
				98504EFD21C2EA66000FAD74 /* SupportingFiles */,
				98504EFE21C2EA8C000FAD74 /* AssetsInfo */,
			);
			path = VirtualTourist;
			sourceTree = "<group>";
		};
		98504EF221BC9264000FAD74 /* Model */ = {
			isa = PBXGroup;
			children = (
				980DFCE221A4D42C007C60EA /* VirtualTourist.xcdatamodeld */,
				98504EF821C2E571000FAD74 /* DataController.swift */,
				980B69F221C7108A004AA894 /* Pin+CoreDataClass.swift */,
				980B69F421C710C5004AA894 /* Pin+CoreDataProperties.swift */,
				980B69F621C71263004AA894 /* Photo+CoreDataClass.swift */,
				980B69F821C71278004AA894 /* Photo+CoreDataProperties.swift */,
			);
			path = Model;
			sourceTree = "<group>";
		};
		98504EFA21C2E972000FAD74 /* Controllers */ = {
			isa = PBXGroup;
			children = (
				98504EFB21C2E9DA000FAD74 /* PhotoAlbumViewController.swift */,
				980DFCDD21A4D42C007C60EA /* TravelLocationsMapViewController.swift */,
			);
			path = Controllers;
			sourceTree = "<group>";
		};
		98504EFD21C2EA66000FAD74 /* SupportingFiles */ = {
			isa = PBXGroup;
			children = (
				980DFCDF21A4D42C007C60EA /* Main.storyboard */,
				980DFCE721A4D42E007C60EA /* LaunchScreen.storyboard */,
				980DFCEA21A4D42E007C60EA /* Info.plist */,
			);
			path = SupportingFiles;
			sourceTree = "<group>";
		};
		98504EFE21C2EA8C000FAD74 /* AssetsInfo */ = {
			isa = PBXGroup;
			children = (
				980DFCE521A4D42E007C60EA /* Assets.xcassets */,
			);
			path = AssetsInfo;
			sourceTree = "<group>";
		};
		98504F0721C2F53E000FAD74 /* View */ = {
			isa = PBXGroup;
			children = (
				98504F0921C2F57E000FAD74 /* PhotoCell.swift */,
			);
			path = View;
			sourceTree = "<group>";
		};
		98504F0821C2F558000FAD74 /* Service */ = {
			isa = PBXGroup;
			children = (
				98504F0D21C2F5A2000FAD74 /* Constants.swift */,
				98504F0F21C2F5BC000FAD74 /* FlickrClient.swift */,
			);
			path = Service;
			sourceTree = "<group>";
		};
/* End PBXGroup section */

/* Begin PBXNativeTarget section */
		980DFCD721A4D42C007C60EA /* VirtualTourist */ = {
			isa = PBXNativeTarget;
			buildConfigurationList = 980DFCED21A4D42E007C60EA /* Build configuration list for PBXNativeTarget "VirtualTourist" */;
			buildPhases = (
				980DFCD421A4D42C007C60EA /* Sources */,
				980DFCD521A4D42C007C60EA /* Frameworks */,
				980DFCD621A4D42C007C60EA /* Resources */,
			);
			buildRules = (
			);
			dependencies = (
			);
			name = VirtualTourist;
			productName = VirtualTourist;
			productReference = 980DFCD821A4D42C007C60EA /* VirtualTourist.app */;
			productType = "com.apple.product-type.application";
		};
/* End PBXNativeTarget section */

/* Begin PBXProject section */
		980DFCD021A4D42C007C60EA /* Project object */ = {
			isa = PBXProject;
			attributes = {
				LastSwiftUpdateCheck = 1010;
				LastUpgradeCheck = 1010;
				ORGANIZATIONNAME = "Kim Lyndon";
				TargetAttributes = {
					980DFCD721A4D42C007C60EA = {
						CreatedOnToolsVersion = 10.1;
					};
				};
			};
			buildConfigurationList = 980DFCD321A4D42C007C60EA /* Build configuration list for PBXProject "VirtualTourist" */;
			compatibilityVersion = "Xcode 9.3";
			developmentRegion = en;
			hasScannedForEncodings = 0;
			knownRegions = (
				en,
				Base,
			);
			mainGroup = 980DFCCF21A4D42C007C60EA;
			productRefGroup = 980DFCD921A4D42C007C60EA /* Products */;
			projectDirPath = "";
			projectRoot = "";
			targets = (
				980DFCD721A4D42C007C60EA /* VirtualTourist */,
			);
		};
/* End PBXProject section */

/* Begin PBXResourcesBuildPhase section */
		980DFCD621A4D42C007C60EA /* Resources */ = {
			isa = PBXResourcesBuildPhase;
			buildActionMask = 2147483647;
			files = (
				980DFCE921A4D42E007C60EA /* LaunchScreen.storyboard in Resources */,
				980DFCE621A4D42E007C60EA /* Assets.xcassets in Resources */,
				980DFCE121A4D42C007C60EA /* Main.storyboard in Resources */,
			);
			runOnlyForDeploymentPostprocessing = 0;
		};
/* End PBXResourcesBuildPhase section */

/* Begin PBXSourcesBuildPhase section */
		980DFCD421A4D42C007C60EA /* Sources */ = {
			isa = PBXSourcesBuildPhase;
			buildActionMask = 2147483647;
			files = (
				980B69F321C7108A004AA894 /* Pin+CoreDataClass.swift in Sources */,
				980B69F721C71263004AA894 /* Photo+CoreDataClass.swift in Sources */,
				980DFCDE21A4D42C007C60EA /* TravelLocationsMapViewController.swift in Sources */,
				98504EF921C2E571000FAD74 /* DataController.swift in Sources */,
				980B69F521C710C5004AA894 /* Pin+CoreDataProperties.swift in Sources */,
				98504F1021C2F5BC000FAD74 /* FlickrClient.swift in Sources */,
				980B69F921C71278004AA894 /* Photo+CoreDataProperties.swift in Sources */,
				980DFCDC21A4D42C007C60EA /* AppDelegate.swift in Sources */,
				98504F0A21C2F57E000FAD74 /* PhotoCell.swift in Sources */,
				98504EFC21C2E9DA000FAD74 /* PhotoAlbumViewController.swift in Sources */,
				980DFCE421A4D42C007C60EA /* VirtualTourist.xcdatamodeld in Sources */,
				98504F0E21C2F5A2000FAD74 /* Constants.swift in Sources */,
			);
			runOnlyForDeploymentPostprocessing = 0;
		};
/* End PBXSourcesBuildPhase section */

/* Begin PBXVariantGroup section */
		980DFCDF21A4D42C007C60EA /* Main.storyboard */ = {
			isa = PBXVariantGroup;
			children = (
				980DFCE021A4D42C007C60EA /* Base */,
			);
			name = Main.storyboard;
			sourceTree = "<group>";
		};
		980DFCE721A4D42E007C60EA /* LaunchScreen.storyboard */ = {
			isa = PBXVariantGroup;
			children = (
				980DFCE821A4D42E007C60EA /* Base */,
			);
			name = LaunchScreen.storyboard;
			sourceTree = "<group>";
		};
/* End PBXVariantGroup section */

/* Begin XCBuildConfiguration section */
		980DFCEB21A4D42E007C60EA /* Debug */ = {
			isa = XCBuildConfiguration;
			buildSettings = {
				ALWAYS_SEARCH_USER_PATHS = NO;
				CLANG_ANALYZER_NONNULL = YES;
				CLANG_ANALYZER_NUMBER_OBJECT_CONVERSION = YES_AGGRESSIVE;
				CLANG_CXX_LANGUAGE_STANDARD = "gnu++14";
				CLANG_CXX_LIBRARY = "libc++";
				CLANG_ENABLE_MODULES = YES;
				CLANG_ENABLE_OBJC_ARC = YES;
				CLANG_ENABLE_OBJC_WEAK = YES;
				CLANG_WARN_BLOCK_CAPTURE_AUTORELEASING = YES;
				CLANG_WARN_BOOL_CONVERSION = YES;
				CLANG_WARN_COMMA = YES;
				CLANG_WARN_CONSTANT_CONVERSION = YES;
				CLANG_WARN_DEPRECATED_OBJC_IMPLEMENTATIONS = YES;
				CLANG_WARN_DIRECT_OBJC_ISA_USAGE = YES_ERROR;
				CLANG_WARN_DOCUMENTATION_COMMENTS = YES;
				CLANG_WARN_EMPTY_BODY = YES;
				CLANG_WARN_ENUM_CONVERSION = YES;
				CLANG_WARN_INFINITE_RECURSION = YES;
				CLANG_WARN_INT_CONVERSION = YES;
				CLANG_WARN_NON_LITERAL_NULL_CONVERSION = YES;
				CLANG_WARN_OBJC_IMPLICIT_RETAIN_SELF = YES;
				CLANG_WARN_OBJC_LITERAL_CONVERSION = YES;
				CLANG_WARN_OBJC_ROOT_CLASS = YES_ERROR;
				CLANG_WARN_RANGE_LOOP_ANALYSIS = YES;
				CLANG_WARN_STRICT_PROTOTYPES = YES;
				CLANG_WARN_SUSPICIOUS_MOVE = YES;
				CLANG_WARN_UNGUARDED_AVAILABILITY = YES_AGGRESSIVE;
				CLANG_WARN_UNREACHABLE_CODE = YES;
				CLANG_WARN__DUPLICATE_METHOD_MATCH = YES;
				CODE_SIGN_IDENTITY = "iPhone Developer";
				COPY_PHASE_STRIP = NO;
				DEBUG_INFORMATION_FORMAT = dwarf;
				ENABLE_STRICT_OBJC_MSGSEND = YES;
				ENABLE_TESTABILITY = YES;
				GCC_C_LANGUAGE_STANDARD = gnu11;
				GCC_DYNAMIC_NO_PIC = NO;
				GCC_NO_COMMON_BLOCKS = YES;
				GCC_OPTIMIZATION_LEVEL = 0;
				GCC_PREPROCESSOR_DEFINITIONS = (
					"DEBUG=1",
					"$(inherited)",
				);
				GCC_WARN_64_TO_32_BIT_CONVERSION = YES;
				GCC_WARN_ABOUT_RETURN_TYPE = YES_ERROR;
				GCC_WARN_UNDECLARED_SELECTOR = YES;
				GCC_WARN_UNINITIALIZED_AUTOS = YES_AGGRESSIVE;
				GCC_WARN_UNUSED_FUNCTION = YES;
				GCC_WARN_UNUSED_VARIABLE = YES;
				IPHONEOS_DEPLOYMENT_TARGET = 12.1;
				MTL_ENABLE_DEBUG_INFO = INCLUDE_SOURCE;
				MTL_FAST_MATH = YES;
				ONLY_ACTIVE_ARCH = YES;
				SDKROOT = iphoneos;
				SWIFT_ACTIVE_COMPILATION_CONDITIONS = DEBUG;
				SWIFT_OPTIMIZATION_LEVEL = "-Onone";
			};
			name = Debug;
		};
		980DFCEC21A4D42E007C60EA /* Release */ = {
			isa = XCBuildConfiguration;
			buildSettings = {
				ALWAYS_SEARCH_USER_PATHS = NO;
				CLANG_ANALYZER_NONNULL = YES;
				CLANG_ANALYZER_NUMBER_OBJECT_CONVERSION = YES_AGGRESSIVE;
				CLANG_CXX_LANGUAGE_STANDARD = "gnu++14";
				CLANG_CXX_LIBRARY = "libc++";
				CLANG_ENABLE_MODULES = YES;
				CLANG_ENABLE_OBJC_ARC = YES;
				CLANG_ENABLE_OBJC_WEAK = YES;
				CLANG_WARN_BLOCK_CAPTURE_AUTORELEASING = YES;
				CLANG_WARN_BOOL_CONVERSION = YES;
				CLANG_WARN_COMMA = YES;
				CLANG_WARN_CONSTANT_CONVERSION = YES;
				CLANG_WARN_DEPRECATED_OBJC_IMPLEMENTATIONS = YES;
				CLANG_WARN_DIRECT_OBJC_ISA_USAGE = YES_ERROR;
				CLANG_WARN_DOCUMENTATION_COMMENTS = YES;
				CLANG_WARN_EMPTY_BODY = YES;
				CLANG_WARN_ENUM_CONVERSION = YES;
				CLANG_WARN_INFINITE_RECURSION = YES;
				CLANG_WARN_INT_CONVERSION = YES;
				CLANG_WARN_NON_LITERAL_NULL_CONVERSION = YES;
				CLANG_WARN_OBJC_IMPLICIT_RETAIN_SELF = YES;
				CLANG_WARN_OBJC_LITERAL_CONVERSION = YES;
				CLANG_WARN_OBJC_ROOT_CLASS = YES_ERROR;
				CLANG_WARN_RANGE_LOOP_ANALYSIS = YES;
				CLANG_WARN_STRICT_PROTOTYPES = YES;
				CLANG_WARN_SUSPICIOUS_MOVE = YES;
				CLANG_WARN_UNGUARDED_AVAILABILITY = YES_AGGRESSIVE;
				CLANG_WARN_UNREACHABLE_CODE = YES;
				CLANG_WARN__DUPLICATE_METHOD_MATCH = YES;
				CODE_SIGN_IDENTITY = "iPhone Developer";
				COPY_PHASE_STRIP = NO;
				DEBUG_INFORMATION_FORMAT = "dwarf-with-dsym";
				ENABLE_NS_ASSERTIONS = NO;
				ENABLE_STRICT_OBJC_MSGSEND = YES;
				GCC_C_LANGUAGE_STANDARD = gnu11;
				GCC_NO_COMMON_BLOCKS = YES;
				GCC_WARN_64_TO_32_BIT_CONVERSION = YES;
				GCC_WARN_ABOUT_RETURN_TYPE = YES_ERROR;
				GCC_WARN_UNDECLARED_SELECTOR = YES;
				GCC_WARN_UNINITIALIZED_AUTOS = YES_AGGRESSIVE;
				GCC_WARN_UNUSED_FUNCTION = YES;
				GCC_WARN_UNUSED_VARIABLE = YES;
				IPHONEOS_DEPLOYMENT_TARGET = 12.1;
				MTL_ENABLE_DEBUG_INFO = NO;
				MTL_FAST_MATH = YES;
				SDKROOT = iphoneos;
				SWIFT_COMPILATION_MODE = wholemodule;
				SWIFT_OPTIMIZATION_LEVEL = "-O";
				VALIDATE_PRODUCT = YES;
			};
			name = Release;
		};
		980DFCEE21A4D42E007C60EA /* Debug */ = {
			isa = XCBuildConfiguration;
			buildSettings = {
				ASSETCATALOG_COMPILER_APPICON_NAME = AppIcon;
				CODE_SIGN_STYLE = Automatic;
				DEVELOPMENT_TEAM = 87T6RG3PX5;
				INFOPLIST_FILE = "$(SRCROOT)/VirtualTourist/SupportingFiles/Info.plist";
				LD_RUNPATH_SEARCH_PATHS = (
					"$(inherited)",
					"@executable_path/Frameworks",
				);
				PRODUCT_BUNDLE_IDENTIFIER = com.KimLyndon.VirtualTourist;
				PRODUCT_MODULE_NAME = VirtualTourist;
				PRODUCT_NAME = "$(TARGET_NAME)";
				SWIFT_VERSION = 4.2;
				TARGETED_DEVICE_FAMILY = "1,2";
			};
			name = Debug;
		};
		980DFCEF21A4D42E007C60EA /* Release */ = {
			isa = XCBuildConfiguration;
			buildSettings = {
				ASSETCATALOG_COMPILER_APPICON_NAME = AppIcon;
				CODE_SIGN_STYLE = Automatic;
				DEVELOPMENT_TEAM = 87T6RG3PX5;
				INFOPLIST_FILE = "$(SRCROOT)/VirtualTourist/SupportingFiles/Info.plist";
				LD_RUNPATH_SEARCH_PATHS = (
					"$(inherited)",
					"@executable_path/Frameworks",
				);
				PRODUCT_BUNDLE_IDENTIFIER = com.KimLyndon.VirtualTourist;
				PRODUCT_MODULE_NAME = VirtualTourist;
				PRODUCT_NAME = "$(TARGET_NAME)";
				SWIFT_VERSION = 4.2;
				TARGETED_DEVICE_FAMILY = "1,2";
			};
			name = Release;
		};
/* End XCBuildConfiguration section */

/* Begin XCConfigurationList section */
		980DFCD321A4D42C007C60EA /* Build configuration list for PBXProject "VirtualTourist" */ = {
			isa = XCConfigurationList;
			buildConfigurations = (
				980DFCEB21A4D42E007C60EA /* Debug */,
				980DFCEC21A4D42E007C60EA /* Release */,
			);
			defaultConfigurationIsVisible = 0;
			defaultConfigurationName = Release;
		};
		980DFCED21A4D42E007C60EA /* Build configuration list for PBXNativeTarget "VirtualTourist" */ = {
			isa = XCConfigurationList;
			buildConfigurations = (
				980DFCEE21A4D42E007C60EA /* Debug */,
				980DFCEF21A4D42E007C60EA /* Release */,
			);
			defaultConfigurationIsVisible = 0;
			defaultConfigurationName = Release;
		};
/* End XCConfigurationList section */

/* Begin XCVersionGroup section */
		980DFCE221A4D42C007C60EA /* VirtualTourist.xcdatamodeld */ = {
			isa = XCVersionGroup;
			children = (
				980DFCE321A4D42C007C60EA /* VirtualTourist.xcdatamodel */,
			);
			currentVersion = 980DFCE321A4D42C007C60EA /* VirtualTourist.xcdatamodel */;
			name = VirtualTourist.xcdatamodeld;
			path = ../VirtualTourist.xcdatamodeld;
			sourceTree = "<group>";
			versionGroupType = wrapper.xcdatamodel;
		};
/* End XCVersionGroup section */
	};
	rootObject = 980DFCD021A4D42C007C60EA /* Project object */;
}
